
Microsoft Visual Studio Solution File, Format Version 12.00
# Visual Studio Version 17
VisualStudioVersion = 17.7.34221.43
MinimumVisualStudioVersion = 10.0.40219.1
Project("{9A19103F-16F7-4668-BE54-9A1E7A4F7556}") = "MergingArchiveFiles", "MergingArchiveFiles\MergingArchiveFiles.csproj", "{DB974404-EE60-4A25-A0AB-6A7ADFFB93F1}"
EndProject
Project("{FAE04EC0-301F-11D3-BF4B-00C04F79EFBC}") = "MergingArchiveFilesTests", "MergingArchiveFilesTests\MergingArchiveFilesTests.csproj", "{BAC2AAB9-776E-467D-AB1E-04AB0CFCE33F}"
EndProject
Global
	GlobalSection(SolutionConfigurationPlatforms) = preSolution
		Debug|Any CPU = Debug|Any CPU
		Release|Any CPU = Release|Any CPU
	EndGlobalSection
	GlobalSection(ProjectConfigurationPlatforms) = postSolution
		{DB974404-EE60-4A25-A0AB-6A7ADFFB93F1}.Debug|Any CPU.ActiveCfg = Debug|Any CPU
		{DB974404-EE60-4A25-A0AB-6A7ADFFB93F1}.Debug|Any CPU.Build.0 = Debug|Any CPU
		{DB974404-EE60-4A25-A0AB-6A7ADFFB93F1}.Release|Any CPU.ActiveCfg = Release|Any CPU
		{DB974404-EE60-4A25-A0AB-6A7ADFFB93F1}.Release|Any CPU.Build.0 = Release|Any CPU
		{BAC2AAB9-776E-467D-AB1E-04AB0CFCE33F}.Debug|Any CPU.ActiveCfg = Debug|Any CPU
		{BAC2AAB9-776E-467D-AB1E-04AB0CFCE33F}.Debug|Any CPU.Build.0 = Debug|Any CPU
		{BAC2AAB9-776E-467D-AB1E-04AB0CFCE33F}.Release|Any CPU.ActiveCfg = Release|Any CPU
		{BAC2AAB9-776E-467D-AB1E-04AB0CFCE33F}.Release|Any CPU.Build.0 = Release|Any CPU
	EndGlobalSection
	GlobalSection(SolutionProperties) = preSolution
		HideSolutionNode = FALSE
	EndGlobalSection
	GlobalSection(ExtensibilityGlobals) = postSolution
		SolutionGuid = {C6E33039-7CBA-4FB3-BF90-5625C02F38B7}
	EndGlobalSection
EndGlobal
